
Microsoft Visual Studio Solution File, Format Version 12.00
Project("{FAE04EC0-301F-11D3-BF4B-00C04F79EFBC}") = "FRAUD_UI_ANALIZATOR", "FRAUD_UI_ANALIZATOR\FRAUD_UI_ANALIZATOR.csproj", "{39C65C16-E962-4C8A-A9A0-570327519B78}"
EndProject
Global
	GlobalSection(SolutionConfigurationPlatforms) = preSolution
		Debug|Any CPU = Debug|Any CPU
		Release|Any CPU = Release|Any CPU
	EndGlobalSection
	GlobalSection(ProjectConfigurationPlatforms) = postSolution
		{39C65C16-E962-4C8A-A9A0-570327519B78}.Debug|Any CPU.ActiveCfg = Debug|Any CPU
		{39C65C16-E962-4C8A-A9A0-570327519B78}.Debug|Any CPU.Build.0 = Debug|Any CPU
		{39C65C16-E962-4C8A-A9A0-570327519B78}.Release|Any CPU.ActiveCfg = Release|Any CPU
		{39C65C16-E962-4C8A-A9A0-570327519B78}.Release|Any CPU.Build.0 = Release|Any CPU
	EndGlobalSection
EndGlobal
